
Microsoft Visual Studio Solution File, Format Version 12.00
# Visual Studio Version 17
VisualStudioVersion = 17.3.32819.101
MinimumVisualStudioVersion = 10.0.40219.1
Project("{FAE04EC0-301F-11D3-BF4B-00C04F79EFBC}") = "WebManga.API", "WebManga.API\WebManga.API.csproj", "{05F85DC1-DEA4-4BBA-B26B-C38703DE4E83}"
EndProject
Global
	GlobalSection(SolutionConfigurationPlatforms) = preSolution
		Debug|Any CPU = Debug|Any CPU
		Release|Any CPU = Release|Any CPU
	EndGlobalSection
	GlobalSection(ProjectConfigurationPlatforms) = postSolution
		{05F85DC1-DEA4-4BBA-B26B-C38703DE4E83}.Debug|Any CPU.ActiveCfg = Debug|Any CPU
		{05F85DC1-DEA4-4BBA-B26B-C38703DE4E83}.Debug|Any CPU.Build.0 = Debug|Any CPU
		{05F85DC1-DEA4-4BBA-B26B-C38703DE4E83}.Release|Any CPU.ActiveCfg = Release|Any CPU
		{05F85DC1-DEA4-4BBA-B26B-C38703DE4E83}.Release|Any CPU.Build.0 = Release|Any CPU
	EndGlobalSection
	GlobalSection(SolutionProperties) = preSolution
		HideSolutionNode = FALSE
	EndGlobalSection
	GlobalSection(ExtensibilityGlobals) = postSolution
		SolutionGuid = {E1898926-0440-4CCF-9B8B-C432E6BCAD21}
	EndGlobalSection
EndGlobal
